// !$*UTF8*$!
{
	archiveVersion = 1;
	classes = {
	};
	objectVersion = 48;
	objects = {

/* Begin PBXBuildFile section */
		2849457A204C06F70012EAE1 /* UserDefaultsInteractor.swift in Sources */ = {isa = PBXBuildFile; fileRef = 28494579204C06F70012EAE1 /* UserDefaultsInteractor.swift */; };
		287F10DF204AF830007044A3 /* RemoteServerInteractor.swift in Sources */ = {isa = PBXBuildFile; fileRef = 287F10DD204AF830007044A3 /* RemoteServerInteractor.swift */; };
		287F10E0204AF830007044A3 /* LocalServer.swift in Sources */ = {isa = PBXBuildFile; fileRef = 287F10DE204AF830007044A3 /* LocalServer.swift */; };
		287F119C204AFF1C007044A3 /* InputServerManagerIPAlertView.swift in Sources */ = {isa = PBXBuildFile; fileRef = 287F119B204AFF1C007044A3 /* InputServerManagerIPAlertView.swift */; };
		287F119E204B077F007044A3 /* InputServerManagerIPVM.swift in Sources */ = {isa = PBXBuildFile; fileRef = 287F119D204B077F007044A3 /* InputServerManagerIPVM.swift */; };
		287F11A0204B08F7007044A3 /* ServerManagerInteractor.swift in Sources */ = {isa = PBXBuildFile; fileRef = 287F119F204B08F7007044A3 /* ServerManagerInteractor.swift */; };
		287F11A4204B0BC8007044A3 /* CommonEnums.swift in Sources */ = {isa = PBXBuildFile; fileRef = 287F11A3204B0BC8007044A3 /* CommonEnums.swift */; };
		2880EA4720525DB20033FF8C /* ServerInteractor.swift in Sources */ = {isa = PBXBuildFile; fileRef = 2880EA4620525DB20033FF8C /* ServerInteractor.swift */; };
		2880EA5C205265660033FF8C /* Message.swift in Sources */ = {isa = PBXBuildFile; fileRef = 2880EA59205265660033FF8C /* Message.swift */; };
		2880EA5D205265660033FF8C /* User.swift in Sources */ = {isa = PBXBuildFile; fileRef = 2880EA5A205265660033FF8C /* User.swift */; };
		2880EA5E205265660033FF8C /* Room.swift in Sources */ = {isa = PBXBuildFile; fileRef = 2880EA5B205265660033FF8C /* Room.swift */; };
		2880EA6F2052A17C0033FF8C /* RoomsVC.swift in Sources */ = {isa = PBXBuildFile; fileRef = 2880EA6E2052A17C0033FF8C /* RoomsVC.swift */; };
		2880EA722052A21B0033FF8C /* RoomsManager.swift in Sources */ = {isa = PBXBuildFile; fileRef = 2880EA712052A21B0033FF8C /* RoomsManager.swift */; };
		2880EA742052A64D0033FF8C /* RoomTVCell.swift in Sources */ = {isa = PBXBuildFile; fileRef = 2880EA732052A64D0033FF8C /* RoomTVCell.swift */; };
		2880EA762052A8B50033FF8C /* UsersManager.swift in Sources */ = {isa = PBXBuildFile; fileRef = 2880EA752052A8B50033FF8C /* UsersManager.swift */; };
		28AD4D02204AE49200EA0827 /* AppDelegate.swift in Sources */ = {isa = PBXBuildFile; fileRef = 28AD4D01204AE49200EA0827 /* AppDelegate.swift */; };
		28AD4D04204AE49200EA0827 /* ViewController.swift in Sources */ = {isa = PBXBuildFile; fileRef = 28AD4D03204AE49200EA0827 /* ViewController.swift */; };
		28AD4D07204AE49200EA0827 /* Main.storyboard in Resources */ = {isa = PBXBuildFile; fileRef = 28AD4D05204AE49200EA0827 /* Main.storyboard */; };
		28AD4D09204AE49200EA0827 /* Assets.xcassets in Resources */ = {isa = PBXBuildFile; fileRef = 28AD4D08204AE49200EA0827 /* Assets.xcassets */; };
		28AD4D0C204AE49200EA0827 /* LaunchScreen.storyboard in Resources */ = {isa = PBXBuildFile; fileRef = 28AD4D0A204AE49200EA0827 /* LaunchScreen.storyboard */; };
		28AD4D17204AE49200EA0827 /* iOSChatSystemClientTests.swift in Sources */ = {isa = PBXBuildFile; fileRef = 28AD4D16204AE49200EA0827 /* iOSChatSystemClientTests.swift */; };
		28AD4D22204AE49200EA0827 /* iOSChatSystemClientUITests.swift in Sources */ = {isa = PBXBuildFile; fileRef = 28AD4D21204AE49200EA0827 /* iOSChatSystemClientUITests.swift */; };
		28AD4D31204AE75000EA0827 /* UsersListVC.swift in Sources */ = {isa = PBXBuildFile; fileRef = 28AD4D30204AE75000EA0827 /* UsersListVC.swift */; };
		28AD4D33204AE78B00EA0827 /* ProfileVC.swift in Sources */ = {isa = PBXBuildFile; fileRef = 28AD4D32204AE78B00EA0827 /* ProfileVC.swift */; };
		28AD4D35204AE7DB00EA0827 /* SettingsTVC.swift in Sources */ = {isa = PBXBuildFile; fileRef = 28AD4D34204AE7DB00EA0827 /* SettingsTVC.swift */; };
		28AD4D38204AE93E00EA0827 /* UsersListVM.swift in Sources */ = {isa = PBXBuildFile; fileRef = 28AD4D37204AE93E00EA0827 /* UsersListVM.swift */; };
		28AD4D3B204AE99600EA0827 /* SettingsVM.swift in Sources */ = {isa = PBXBuildFile; fileRef = 28AD4D3A204AE99600EA0827 /* SettingsVM.swift */; };
		28AD4D40204AEC8200EA0827 /* LocalServerInteractor.swift in Sources */ = {isa = PBXBuildFile; fileRef = 28AD4D3F204AEC8200EA0827 /* LocalServerInteractor.swift */; };
		28BFE4FA2053AE6400ED7073 /* SocketRequestContainer.swift in Sources */ = {isa = PBXBuildFile; fileRef = 28BFE4F82053AE6400ED7073 /* SocketRequestContainer.swift */; };
		28BFE4FB2053AE6400ED7073 /* SocketManager.swift in Sources */ = {isa = PBXBuildFile; fileRef = 28BFE4F92053AE6400ED7073 /* SocketManager.swift */; };
		3BAB15EE906B5C95E36133D7 /* Pods_iOSChatSystemClient.framework in Frameworks */ = {isa = PBXBuildFile; fileRef = 26723EDD79A2DACBB2AF9167 /* Pods_iOSChatSystemClient.framework */; };
		63AEEE19370179CB46CC423E /* Pods_iOSChatSystemClientUITests.framework in Frameworks */ = {isa = PBXBuildFile; fileRef = 9E62F407A5F66269DB6B8A52 /* Pods_iOSChatSystemClientUITests.framework */; };
		F969722E2371899F22F02AF4 /* Pods_iOSChatSystemClientTests.framework in Frameworks */ = {isa = PBXBuildFile; fileRef = 3B62CEBDC16A3B08A4941302 /* Pods_iOSChatSystemClientTests.framework */; };
/* End PBXBuildFile section */

/* Begin PBXContainerItemProxy section */
		28AD4D13204AE49200EA0827 /* PBXContainerItemProxy */ = {
			isa = PBXContainerItemProxy;
			containerPortal = 28AD4CF6204AE49200EA0827 /* Project object */;
			proxyType = 1;
			remoteGlobalIDString = 28AD4CFD204AE49200EA0827;
			remoteInfo = iOSChatSystemClient;
		};
		28AD4D1E204AE49200EA0827 /* PBXContainerItemProxy */ = {
			isa = PBXContainerItemProxy;
			containerPortal = 28AD4CF6204AE49200EA0827 /* Project object */;
			proxyType = 1;
			remoteGlobalIDString = 28AD4CFD204AE49200EA0827;
			remoteInfo = iOSChatSystemClient;
		};
/* End PBXContainerItemProxy section */

/* Begin PBXFileReference section */
		01A1FB499298EDD77838BFBD /* Pods-iOSChatSystemClientTests.debug.xcconfig */ = {isa = PBXFileReference; includeInIndex = 1; lastKnownFileType = text.xcconfig; name = "Pods-iOSChatSystemClientTests.debug.xcconfig"; path = "Pods/Target Support Files/Pods-iOSChatSystemClientTests/Pods-iOSChatSystemClientTests.debug.xcconfig"; sourceTree = "<group>"; };
		0AF5BAB06EBE36B38DF14E64 /* Pods-iOSChatSystemClientUITests.release.xcconfig */ = {isa = PBXFileReference; includeInIndex = 1; lastKnownFileType = text.xcconfig; name = "Pods-iOSChatSystemClientUITests.release.xcconfig"; path = "Pods/Target Support Files/Pods-iOSChatSystemClientUITests/Pods-iOSChatSystemClientUITests.release.xcconfig"; sourceTree = "<group>"; };
		26723EDD79A2DACBB2AF9167 /* Pods_iOSChatSystemClient.framework */ = {isa = PBXFileReference; explicitFileType = wrapper.framework; includeInIndex = 0; path = Pods_iOSChatSystemClient.framework; sourceTree = BUILT_PRODUCTS_DIR; };
		28494579204C06F70012EAE1 /* UserDefaultsInteractor.swift */ = {isa = PBXFileReference; lastKnownFileType = sourcecode.swift; path = UserDefaultsInteractor.swift; sourceTree = "<group>"; };
		287F10DD204AF830007044A3 /* RemoteServerInteractor.swift */ = {isa = PBXFileReference; fileEncoding = 4; lastKnownFileType = sourcecode.swift; name = RemoteServerInteractor.swift; path = ../../../Common/RemoteServerInteractor.swift; sourceTree = "<group>"; };
		287F10DE204AF830007044A3 /* LocalServer.swift */ = {isa = PBXFileReference; fileEncoding = 4; lastKnownFileType = sourcecode.swift; name = LocalServer.swift; path = ../../../Common/LocalServer.swift; sourceTree = "<group>"; };
		287F119B204AFF1C007044A3 /* InputServerManagerIPAlertView.swift */ = {isa = PBXFileReference; lastKnownFileType = sourcecode.swift; path = InputServerManagerIPAlertView.swift; sourceTree = "<group>"; };
		287F119D204B077F007044A3 /* InputServerManagerIPVM.swift */ = {isa = PBXFileReference; lastKnownFileType = sourcecode.swift; path = InputServerManagerIPVM.swift; sourceTree = "<group>"; };
		287F119F204B08F7007044A3 /* ServerManagerInteractor.swift */ = {isa = PBXFileReference; lastKnownFileType = sourcecode.swift; path = ServerManagerInteractor.swift; sourceTree = "<group>"; };
		287F11A3204B0BC8007044A3 /* CommonEnums.swift */ = {isa = PBXFileReference; fileEncoding = 4; lastKnownFileType = sourcecode.swift; name = CommonEnums.swift; path = ../../../Common/CommonEnums.swift; sourceTree = "<group>"; };
		2880EA4620525DB20033FF8C /* ServerInteractor.swift */ = {isa = PBXFileReference; lastKnownFileType = sourcecode.swift; path = ServerInteractor.swift; sourceTree = "<group>"; };
		2880EA59205265660033FF8C /* Message.swift */ = {isa = PBXFileReference; fileEncoding = 4; lastKnownFileType = sourcecode.swift; name = Message.swift; path = ../../../../Common/Message.swift; sourceTree = "<group>"; };
		2880EA5A205265660033FF8C /* User.swift */ = {isa = PBXFileReference; fileEncoding = 4; lastKnownFileType = sourcecode.swift; name = User.swift; path = ../../../../Common/User.swift; sourceTree = "<group>"; };
		2880EA5B205265660033FF8C /* Room.swift */ = {isa = PBXFileReference; fileEncoding = 4; lastKnownFileType = sourcecode.swift; name = Room.swift; path = ../../../../Common/Room.swift; sourceTree = "<group>"; };
		2880EA6E2052A17C0033FF8C /* RoomsVC.swift */ = {isa = PBXFileReference; lastKnownFileType = sourcecode.swift; path = RoomsVC.swift; sourceTree = "<group>"; };
		2880EA712052A21B0033FF8C /* RoomsManager.swift */ = {isa = PBXFileReference; lastKnownFileType = sourcecode.swift; path = RoomsManager.swift; sourceTree = "<group>"; };
		2880EA732052A64D0033FF8C /* RoomTVCell.swift */ = {isa = PBXFileReference; lastKnownFileType = sourcecode.swift; path = RoomTVCell.swift; sourceTree = "<group>"; };
		2880EA752052A8B50033FF8C /* UsersManager.swift */ = {isa = PBXFileReference; lastKnownFileType = sourcecode.swift; path = UsersManager.swift; sourceTree = "<group>"; };
		28AD4CFE204AE49200EA0827 /* iOSChatSystemClient.app */ = {isa = PBXFileReference; explicitFileType = wrapper.application; includeInIndex = 0; path = iOSChatSystemClient.app; sourceTree = BUILT_PRODUCTS_DIR; };
		28AD4D01204AE49200EA0827 /* AppDelegate.swift */ = {isa = PBXFileReference; lastKnownFileType = sourcecode.swift; path = AppDelegate.swift; sourceTree = "<group>"; };
		28AD4D03204AE49200EA0827 /* ViewController.swift */ = {isa = PBXFileReference; lastKnownFileType = sourcecode.swift; path = ViewController.swift; sourceTree = "<group>"; };
		28AD4D06204AE49200EA0827 /* Base */ = {isa = PBXFileReference; lastKnownFileType = file.storyboard; name = Base; path = Base.lproj/Main.storyboard; sourceTree = "<group>"; };
		28AD4D08204AE49200EA0827 /* Assets.xcassets */ = {isa = PBXFileReference; lastKnownFileType = folder.assetcatalog; path = Assets.xcassets; sourceTree = "<group>"; };
		28AD4D0B204AE49200EA0827 /* Base */ = {isa = PBXFileReference; lastKnownFileType = file.storyboard; name = Base; path = Base.lproj/LaunchScreen.storyboard; sourceTree = "<group>"; };
		28AD4D0D204AE49200EA0827 /* Info.plist */ = {isa = PBXFileReference; lastKnownFileType = text.plist.xml; path = Info.plist; sourceTree = "<group>"; };
		28AD4D12204AE49200EA0827 /* iOSChatSystemClientTests.xctest */ = {isa = PBXFileReference; explicitFileType = wrapper.cfbundle; includeInIndex = 0; path = iOSChatSystemClientTests.xctest; sourceTree = BUILT_PRODUCTS_DIR; };
		28AD4D16204AE49200EA0827 /* iOSChatSystemClientTests.swift */ = {isa = PBXFileReference; lastKnownFileType = sourcecode.swift; path = iOSChatSystemClientTests.swift; sourceTree = "<group>"; };
		28AD4D18204AE49200EA0827 /* Info.plist */ = {isa = PBXFileReference; lastKnownFileType = text.plist.xml; path = Info.plist; sourceTree = "<group>"; };
		28AD4D1D204AE49200EA0827 /* iOSChatSystemClientUITests.xctest */ = {isa = PBXFileReference; explicitFileType = wrapper.cfbundle; includeInIndex = 0; path = iOSChatSystemClientUITests.xctest; sourceTree = BUILT_PRODUCTS_DIR; };
		28AD4D21204AE49200EA0827 /* iOSChatSystemClientUITests.swift */ = {isa = PBXFileReference; lastKnownFileType = sourcecode.swift; path = iOSChatSystemClientUITests.swift; sourceTree = "<group>"; };
		28AD4D23204AE49200EA0827 /* Info.plist */ = {isa = PBXFileReference; lastKnownFileType = text.plist.xml; path = Info.plist; sourceTree = "<group>"; };
		28AD4D30204AE75000EA0827 /* UsersListVC.swift */ = {isa = PBXFileReference; lastKnownFileType = sourcecode.swift; path = UsersListVC.swift; sourceTree = "<group>"; };
		28AD4D32204AE78B00EA0827 /* ProfileVC.swift */ = {isa = PBXFileReference; lastKnownFileType = sourcecode.swift; path = ProfileVC.swift; sourceTree = "<group>"; };
		28AD4D34204AE7DB00EA0827 /* SettingsTVC.swift */ = {isa = PBXFileReference; lastKnownFileType = sourcecode.swift; path = SettingsTVC.swift; sourceTree = "<group>"; };
		28AD4D37204AE93E00EA0827 /* UsersListVM.swift */ = {isa = PBXFileReference; lastKnownFileType = sourcecode.swift; path = UsersListVM.swift; sourceTree = "<group>"; };
		28AD4D3A204AE99600EA0827 /* SettingsVM.swift */ = {isa = PBXFileReference; lastKnownFileType = sourcecode.swift; path = SettingsVM.swift; sourceTree = "<group>"; };
		28AD4D3F204AEC8200EA0827 /* LocalServerInteractor.swift */ = {isa = PBXFileReference; lastKnownFileType = sourcecode.swift; path = LocalServerInteractor.swift; sourceTree = "<group>"; };
		28BFE4F82053AE6400ED7073 /* SocketRequestContainer.swift */ = {isa = PBXFileReference; fileEncoding = 4; lastKnownFileType = sourcecode.swift; name = SocketRequestContainer.swift; path = ../../../../Common/Socket/SocketRequestContainer.swift; sourceTree = "<group>"; };
		28BFE4F92053AE6400ED7073 /* SocketManager.swift */ = {isa = PBXFileReference; fileEncoding = 4; lastKnownFileType = sourcecode.swift; name = SocketManager.swift; path = ../../../../Common/Socket/SocketManager.swift; sourceTree = "<group>"; };
		3B62CEBDC16A3B08A4941302 /* Pods_iOSChatSystemClientTests.framework */ = {isa = PBXFileReference; explicitFileType = wrapper.framework; includeInIndex = 0; path = Pods_iOSChatSystemClientTests.framework; sourceTree = BUILT_PRODUCTS_DIR; };
		4450026BB76CAC3E52EEAA66 /* Pods-iOSChatSystemClientUITests.debug.xcconfig */ = {isa = PBXFileReference; includeInIndex = 1; lastKnownFileType = text.xcconfig; name = "Pods-iOSChatSystemClientUITests.debug.xcconfig"; path = "Pods/Target Support Files/Pods-iOSChatSystemClientUITests/Pods-iOSChatSystemClientUITests.debug.xcconfig"; sourceTree = "<group>"; };
		8691AB2EABE4AD612F65864C /* Pods-iOSChatSystemClient.release.xcconfig */ = {isa = PBXFileReference; includeInIndex = 1; lastKnownFileType = text.xcconfig; name = "Pods-iOSChatSystemClient.release.xcconfig"; path = "Pods/Target Support Files/Pods-iOSChatSystemClient/Pods-iOSChatSystemClient.release.xcconfig"; sourceTree = "<group>"; };
		9E62F407A5F66269DB6B8A52 /* Pods_iOSChatSystemClientUITests.framework */ = {isa = PBXFileReference; explicitFileType = wrapper.framework; includeInIndex = 0; path = Pods_iOSChatSystemClientUITests.framework; sourceTree = BUILT_PRODUCTS_DIR; };
		BBB0A7167F180FF98F7B40BB /* Pods-iOSChatSystemClientTests.release.xcconfig */ = {isa = PBXFileReference; includeInIndex = 1; lastKnownFileType = text.xcconfig; name = "Pods-iOSChatSystemClientTests.release.xcconfig"; path = "Pods/Target Support Files/Pods-iOSChatSystemClientTests/Pods-iOSChatSystemClientTests.release.xcconfig"; sourceTree = "<group>"; };
		CAE6D87F1877F77379A5594F /* Pods-iOSChatSystemClient.debug.xcconfig */ = {isa = PBXFileReference; includeInIndex = 1; lastKnownFileType = text.xcconfig; name = "Pods-iOSChatSystemClient.debug.xcconfig"; path = "Pods/Target Support Files/Pods-iOSChatSystemClient/Pods-iOSChatSystemClient.debug.xcconfig"; sourceTree = "<group>"; };
/* End PBXFileReference section */

/* Begin PBXFrameworksBuildPhase section */
		28AD4CFB204AE49200EA0827 /* Frameworks */ = {
			isa = PBXFrameworksBuildPhase;
			buildActionMask = 2147483647;
			files = (
				3BAB15EE906B5C95E36133D7 /* Pods_iOSChatSystemClient.framework in Frameworks */,
			);
			runOnlyForDeploymentPostprocessing = 0;
		};
		28AD4D0F204AE49200EA0827 /* Frameworks */ = {
			isa = PBXFrameworksBuildPhase;
			buildActionMask = 2147483647;
			files = (
				F969722E2371899F22F02AF4 /* Pods_iOSChatSystemClientTests.framework in Frameworks */,
			);
			runOnlyForDeploymentPostprocessing = 0;
		};
		28AD4D1A204AE49200EA0827 /* Frameworks */ = {
			isa = PBXFrameworksBuildPhase;
			buildActionMask = 2147483647;
			files = (
				63AEEE19370179CB46CC423E /* Pods_iOSChatSystemClientUITests.framework in Frameworks */,
			);
			runOnlyForDeploymentPostprocessing = 0;
		};
/* End PBXFrameworksBuildPhase section */

/* Begin PBXGroup section */
		10AA68B7267AFF2C50B84F6C /* Frameworks */ = {
			isa = PBXGroup;
			children = (
				26723EDD79A2DACBB2AF9167 /* Pods_iOSChatSystemClient.framework */,
				3B62CEBDC16A3B08A4941302 /* Pods_iOSChatSystemClientTests.framework */,
				9E62F407A5F66269DB6B8A52 /* Pods_iOSChatSystemClientUITests.framework */,
			);
			name = Frameworks;
			sourceTree = "<group>";
		};
		2880EA48205264680033FF8C /* Models */ = {
			isa = PBXGroup;
			children = (
				2880EA4B205264830033FF8C /* Chat */,
			);
			path = Models;
			sourceTree = "<group>";
		};
		2880EA4B205264830033FF8C /* Chat */ = {
			isa = PBXGroup;
			children = (
				2880EA59205265660033FF8C /* Message.swift */,
				2880EA5B205265660033FF8C /* Room.swift */,
				2880EA5A205265660033FF8C /* User.swift */,
			);
			path = Chat;
			sourceTree = "<group>";
		};
		2880EA6D2052A1690033FF8C /* Rooms */ = {
			isa = PBXGroup;
			children = (
				2880EA6E2052A17C0033FF8C /* RoomsVC.swift */,
				2880EA732052A64D0033FF8C /* RoomTVCell.swift */,
			);
			path = Rooms;
			sourceTree = "<group>";
		};
		2880EA702052A2000033FF8C /* Managers */ = {
			isa = PBXGroup;
			children = (
				28BFE4F72053AE5000ED7073 /* Socket */,
				2880EA712052A21B0033FF8C /* RoomsManager.swift */,
				2880EA752052A8B50033FF8C /* UsersManager.swift */,
			);
			path = Managers;
			sourceTree = "<group>";
		};
		28AD4CF5204AE49200EA0827 = {
			isa = PBXGroup;
			children = (
				28AD4D00204AE49200EA0827 /* iOSChatSystemClient */,
				28AD4D15204AE49200EA0827 /* iOSChatSystemClientTests */,
				28AD4D20204AE49200EA0827 /* iOSChatSystemClientUITests */,
				28AD4CFF204AE49200EA0827 /* Products */,
				8C27C4C721CC0D793F150BAD /* Pods */,
				10AA68B7267AFF2C50B84F6C /* Frameworks */,
			);
			sourceTree = "<group>";
		};
		28AD4CFF204AE49200EA0827 /* Products */ = {
			isa = PBXGroup;
			children = (
				28AD4CFE204AE49200EA0827 /* iOSChatSystemClient.app */,
				28AD4D12204AE49200EA0827 /* iOSChatSystemClientTests.xctest */,
				28AD4D1D204AE49200EA0827 /* iOSChatSystemClientUITests.xctest */,
			);
			name = Products;
			sourceTree = "<group>";
		};
		28AD4D00204AE49200EA0827 /* iOSChatSystemClient */ = {
			isa = PBXGroup;
			children = (
				2880EA702052A2000033FF8C /* Managers */,
				2880EA48205264680033FF8C /* Models */,
				28AD4D3C204AE9A000EA0827 /* Interactors */,
				28AD4D2F204AE73000EA0827 /* UI */,
				28AD4D01204AE49200EA0827 /* AppDelegate.swift */,
				28AD4D03204AE49200EA0827 /* ViewController.swift */,
				28AD4D05204AE49200EA0827 /* Main.storyboard */,
				28AD4D08204AE49200EA0827 /* Assets.xcassets */,
				28AD4D0A204AE49200EA0827 /* LaunchScreen.storyboard */,
				28AD4D0D204AE49200EA0827 /* Info.plist */,
			);
			path = iOSChatSystemClient;
			sourceTree = "<group>";
		};
		28AD4D15204AE49200EA0827 /* iOSChatSystemClientTests */ = {
			isa = PBXGroup;
			children = (
				28AD4D16204AE49200EA0827 /* iOSChatSystemClientTests.swift */,
				28AD4D18204AE49200EA0827 /* Info.plist */,
			);
			path = iOSChatSystemClientTests;
			sourceTree = "<group>";
		};
		28AD4D20204AE49200EA0827 /* iOSChatSystemClientUITests */ = {
			isa = PBXGroup;
			children = (
				28AD4D21204AE49200EA0827 /* iOSChatSystemClientUITests.swift */,
				28AD4D23204AE49200EA0827 /* Info.plist */,
			);
			path = iOSChatSystemClientUITests;
			sourceTree = "<group>";
		};
		28AD4D2F204AE73000EA0827 /* UI */ = {
			isa = PBXGroup;
			children = (
				2880EA6D2052A1690033FF8C /* Rooms */,
				28AD4D39204AE98900EA0827 /* Settings */,
				28AD4D36204AE93000EA0827 /* UsersList */,
				28AD4D32204AE78B00EA0827 /* ProfileVC.swift */,
			);
			path = UI;
			sourceTree = "<group>";
		};
		28AD4D36204AE93000EA0827 /* UsersList */ = {
			isa = PBXGroup;
			children = (
				28AD4D30204AE75000EA0827 /* UsersListVC.swift */,
				28AD4D37204AE93E00EA0827 /* UsersListVM.swift */,
			);
			path = UsersList;
			sourceTree = "<group>";
		};
		28AD4D39204AE98900EA0827 /* Settings */ = {
			isa = PBXGroup;
			children = (
				28AD4D34204AE7DB00EA0827 /* SettingsTVC.swift */,
				28AD4D3A204AE99600EA0827 /* SettingsVM.swift */,
				287F119B204AFF1C007044A3 /* InputServerManagerIPAlertView.swift */,
				287F119D204B077F007044A3 /* InputServerManagerIPVM.swift */,
			);
			path = Settings;
			sourceTree = "<group>";
		};
		28AD4D3C204AE9A000EA0827 /* Interactors */ = {
			isa = PBXGroup;
			children = (
				287F11A3204B0BC8007044A3 /* CommonEnums.swift */,
				287F10DE204AF830007044A3 /* LocalServer.swift */,
				287F10DD204AF830007044A3 /* RemoteServerInteractor.swift */,
				28AD4D3F204AEC8200EA0827 /* LocalServerInteractor.swift */,
				287F119F204B08F7007044A3 /* ServerManagerInteractor.swift */,
				28494579204C06F70012EAE1 /* UserDefaultsInteractor.swift */,
				2880EA4620525DB20033FF8C /* ServerInteractor.swift */,
			);
			path = Interactors;
			sourceTree = "<group>";
		};
		28BFE4F72053AE5000ED7073 /* Socket */ = {
			isa = PBXGroup;
			children = (
				28BFE4F92053AE6400ED7073 /* SocketManager.swift */,
				28BFE4F82053AE6400ED7073 /* SocketRequestContainer.swift */,
			);
			path = Socket;
			sourceTree = "<group>";
		};
		8C27C4C721CC0D793F150BAD /* Pods */ = {
			isa = PBXGroup;
			children = (
				CAE6D87F1877F77379A5594F /* Pods-iOSChatSystemClient.debug.xcconfig */,
				8691AB2EABE4AD612F65864C /* Pods-iOSChatSystemClient.release.xcconfig */,
				01A1FB499298EDD77838BFBD /* Pods-iOSChatSystemClientTests.debug.xcconfig */,
				BBB0A7167F180FF98F7B40BB /* Pods-iOSChatSystemClientTests.release.xcconfig */,
				4450026BB76CAC3E52EEAA66 /* Pods-iOSChatSystemClientUITests.debug.xcconfig */,
				0AF5BAB06EBE36B38DF14E64 /* Pods-iOSChatSystemClientUITests.release.xcconfig */,
			);
			name = Pods;
			sourceTree = "<group>";
		};
/* End PBXGroup section */

/* Begin PBXNativeTarget section */
		28AD4CFD204AE49200EA0827 /* iOSChatSystemClient */ = {
			isa = PBXNativeTarget;
			buildConfigurationList = 28AD4D26204AE49200EA0827 /* Build configuration list for PBXNativeTarget "iOSChatSystemClient" */;
			buildPhases = (
				4BDFB26B8E9F537EAB5FDD3D /* [CP] Check Pods Manifest.lock */,
				28AD4CFA204AE49200EA0827 /* Sources */,
				28AD4CFB204AE49200EA0827 /* Frameworks */,
				28AD4CFC204AE49200EA0827 /* Resources */,
				FECA5F8E4C599F574DE46910 /* [CP] Embed Pods Frameworks */,
				7796991EECA0C7618F2239A7 /* [CP] Copy Pods Resources */,
			);
			buildRules = (
			);
			dependencies = (
			);
			name = iOSChatSystemClient;
			productName = iOSChatSystemClient;
			productReference = 28AD4CFE204AE49200EA0827 /* iOSChatSystemClient.app */;
			productType = "com.apple.product-type.application";
		};
		28AD4D11204AE49200EA0827 /* iOSChatSystemClientTests */ = {
			isa = PBXNativeTarget;
			buildConfigurationList = 28AD4D29204AE49200EA0827 /* Build configuration list for PBXNativeTarget "iOSChatSystemClientTests" */;
			buildPhases = (
				5F83C9693148487DB33A4A24 /* [CP] Check Pods Manifest.lock */,
				28AD4D0E204AE49200EA0827 /* Sources */,
				28AD4D0F204AE49200EA0827 /* Frameworks */,
				28AD4D10204AE49200EA0827 /* Resources */,
				90A0E2208C90249DC2FA0F31 /* [CP] Embed Pods Frameworks */,
				F71A4A215538158577505EE8 /* [CP] Copy Pods Resources */,
			);
			buildRules = (
			);
			dependencies = (
				28AD4D14204AE49200EA0827 /* PBXTargetDependency */,
			);
			name = iOSChatSystemClientTests;
			productName = iOSChatSystemClientTests;
			productReference = 28AD4D12204AE49200EA0827 /* iOSChatSystemClientTests.xctest */;
			productType = "com.apple.product-type.bundle.unit-test";
		};
		28AD4D1C204AE49200EA0827 /* iOSChatSystemClientUITests */ = {
			isa = PBXNativeTarget;
			buildConfigurationList = 28AD4D2C204AE49200EA0827 /* Build configuration list for PBXNativeTarget "iOSChatSystemClientUITests" */;
			buildPhases = (
				8E431FFF36FA210118EFB00E /* [CP] Check Pods Manifest.lock */,
				28AD4D19204AE49200EA0827 /* Sources */,
				28AD4D1A204AE49200EA0827 /* Frameworks */,
				28AD4D1B204AE49200EA0827 /* Resources */,
				2361E4A372BEB0DC921C18F1 /* [CP] Embed Pods Frameworks */,
				EBC399DDB03EBA441EF8FA36 /* [CP] Copy Pods Resources */,
			);
			buildRules = (
			);
			dependencies = (
				28AD4D1F204AE49200EA0827 /* PBXTargetDependency */,
			);
			name = iOSChatSystemClientUITests;
			productName = iOSChatSystemClientUITests;
			productReference = 28AD4D1D204AE49200EA0827 /* iOSChatSystemClientUITests.xctest */;
			productType = "com.apple.product-type.bundle.ui-testing";
		};
/* End PBXNativeTarget section */

/* Begin PBXProject section */
		28AD4CF6204AE49200EA0827 /* Project object */ = {
			isa = PBXProject;
			attributes = {
				LastSwiftUpdateCheck = 0920;
				LastUpgradeCheck = 0920;
				ORGANIZATIONNAME = "Dmitriy Titov";
				TargetAttributes = {
					28AD4CFD204AE49200EA0827 = {
						CreatedOnToolsVersion = 9.2;
						ProvisioningStyle = Automatic;
					};
					28AD4D11204AE49200EA0827 = {
						CreatedOnToolsVersion = 9.2;
						ProvisioningStyle = Automatic;
						TestTargetID = 28AD4CFD204AE49200EA0827;
					};
					28AD4D1C204AE49200EA0827 = {
						CreatedOnToolsVersion = 9.2;
						ProvisioningStyle = Automatic;
						TestTargetID = 28AD4CFD204AE49200EA0827;
					};
				};
			};
			buildConfigurationList = 28AD4CF9204AE49200EA0827 /* Build configuration list for PBXProject "iOSChatSystemClient" */;
			compatibilityVersion = "Xcode 8.0";
			developmentRegion = en;
			hasScannedForEncodings = 0;
			knownRegions = (
				en,
				Base,
			);
			mainGroup = 28AD4CF5204AE49200EA0827;
			productRefGroup = 28AD4CFF204AE49200EA0827 /* Products */;
			projectDirPath = "";
			projectRoot = "";
			targets = (
				28AD4CFD204AE49200EA0827 /* iOSChatSystemClient */,
				28AD4D11204AE49200EA0827 /* iOSChatSystemClientTests */,
				28AD4D1C204AE49200EA0827 /* iOSChatSystemClientUITests */,
			);
		};
/* End PBXProject section */

/* Begin PBXResourcesBuildPhase section */
		28AD4CFC204AE49200EA0827 /* Resources */ = {
			isa = PBXResourcesBuildPhase;
			buildActionMask = 2147483647;
			files = (
				28AD4D0C204AE49200EA0827 /* LaunchScreen.storyboard in Resources */,
				28AD4D09204AE49200EA0827 /* Assets.xcassets in Resources */,
				28AD4D07204AE49200EA0827 /* Main.storyboard in Resources */,
			);
			runOnlyForDeploymentPostprocessing = 0;
		};
		28AD4D10204AE49200EA0827 /* Resources */ = {
			isa = PBXResourcesBuildPhase;
			buildActionMask = 2147483647;
			files = (
			);
			runOnlyForDeploymentPostprocessing = 0;
		};
		28AD4D1B204AE49200EA0827 /* Resources */ = {
			isa = PBXResourcesBuildPhase;
			buildActionMask = 2147483647;
			files = (
			);
			runOnlyForDeploymentPostprocessing = 0;
		};
/* End PBXResourcesBuildPhase section */

/* Begin PBXShellScriptBuildPhase section */
		2361E4A372BEB0DC921C18F1 /* [CP] Embed Pods Frameworks */ = {
			isa = PBXShellScriptBuildPhase;
			buildActionMask = 2147483647;
			files = (
			);
			inputPaths = (
			);
			name = "[CP] Embed Pods Frameworks";
			outputPaths = (
			);
			runOnlyForDeploymentPostprocessing = 0;
			shellPath = /bin/sh;
			shellScript = "\"${SRCROOT}/Pods/Target Support Files/Pods-iOSChatSystemClientUITests/Pods-iOSChatSystemClientUITests-frameworks.sh\"\n";
			showEnvVarsInLog = 0;
		};
		4BDFB26B8E9F537EAB5FDD3D /* [CP] Check Pods Manifest.lock */ = {
			isa = PBXShellScriptBuildPhase;
			buildActionMask = 2147483647;
			files = (
			);
			inputPaths = (
				"${PODS_PODFILE_DIR_PATH}/Podfile.lock",
				"${PODS_ROOT}/Manifest.lock",
			);
			name = "[CP] Check Pods Manifest.lock";
			outputPaths = (
				"$(DERIVED_FILE_DIR)/Pods-iOSChatSystemClient-checkManifestLockResult.txt",
			);
			runOnlyForDeploymentPostprocessing = 0;
			shellPath = /bin/sh;
			shellScript = "diff \"${PODS_PODFILE_DIR_PATH}/Podfile.lock\" \"${PODS_ROOT}/Manifest.lock\" > /dev/null\nif [ $? != 0 ] ; then\n    # print error to STDERR\n    echo \"error: The sandbox is not in sync with the Podfile.lock. Run 'pod install' or update your CocoaPods installation.\" >&2\n    exit 1\nfi\n# This output is used by Xcode 'outputs' to avoid re-running this script phase.\necho \"SUCCESS\" > \"${SCRIPT_OUTPUT_FILE_0}\"\n";
			showEnvVarsInLog = 0;
		};
		5F83C9693148487DB33A4A24 /* [CP] Check Pods Manifest.lock */ = {
			isa = PBXShellScriptBuildPhase;
			buildActionMask = 2147483647;
			files = (
			);
			inputPaths = (
				"${PODS_PODFILE_DIR_PATH}/Podfile.lock",
				"${PODS_ROOT}/Manifest.lock",
			);
			name = "[CP] Check Pods Manifest.lock";
			outputPaths = (
				"$(DERIVED_FILE_DIR)/Pods-iOSChatSystemClientTests-checkManifestLockResult.txt",
			);
			runOnlyForDeploymentPostprocessing = 0;
			shellPath = /bin/sh;
			shellScript = "diff \"${PODS_PODFILE_DIR_PATH}/Podfile.lock\" \"${PODS_ROOT}/Manifest.lock\" > /dev/null\nif [ $? != 0 ] ; then\n    # print error to STDERR\n    echo \"error: The sandbox is not in sync with the Podfile.lock. Run 'pod install' or update your CocoaPods installation.\" >&2\n    exit 1\nfi\n# This output is used by Xcode 'outputs' to avoid re-running this script phase.\necho \"SUCCESS\" > \"${SCRIPT_OUTPUT_FILE_0}\"\n";
			showEnvVarsInLog = 0;
		};
		7796991EECA0C7618F2239A7 /* [CP] Copy Pods Resources */ = {
			isa = PBXShellScriptBuildPhase;
			buildActionMask = 2147483647;
			files = (
			);
			inputPaths = (
			);
			name = "[CP] Copy Pods Resources";
			outputPaths = (
			);
			runOnlyForDeploymentPostprocessing = 0;
			shellPath = /bin/sh;
			shellScript = "\"${SRCROOT}/Pods/Target Support Files/Pods-iOSChatSystemClient/Pods-iOSChatSystemClient-resources.sh\"\n";
			showEnvVarsInLog = 0;
		};
		8E431FFF36FA210118EFB00E /* [CP] Check Pods Manifest.lock */ = {
			isa = PBXShellScriptBuildPhase;
			buildActionMask = 2147483647;
			files = (
			);
			inputPaths = (
				"${PODS_PODFILE_DIR_PATH}/Podfile.lock",
				"${PODS_ROOT}/Manifest.lock",
			);
			name = "[CP] Check Pods Manifest.lock";
			outputPaths = (
				"$(DERIVED_FILE_DIR)/Pods-iOSChatSystemClientUITests-checkManifestLockResult.txt",
			);
			runOnlyForDeploymentPostprocessing = 0;
			shellPath = /bin/sh;
			shellScript = "diff \"${PODS_PODFILE_DIR_PATH}/Podfile.lock\" \"${PODS_ROOT}/Manifest.lock\" > /dev/null\nif [ $? != 0 ] ; then\n    # print error to STDERR\n    echo \"error: The sandbox is not in sync with the Podfile.lock. Run 'pod install' or update your CocoaPods installation.\" >&2\n    exit 1\nfi\n# This output is used by Xcode 'outputs' to avoid re-running this script phase.\necho \"SUCCESS\" > \"${SCRIPT_OUTPUT_FILE_0}\"\n";
			showEnvVarsInLog = 0;
		};
		90A0E2208C90249DC2FA0F31 /* [CP] Embed Pods Frameworks */ = {
			isa = PBXShellScriptBuildPhase;
			buildActionMask = 2147483647;
			files = (
			);
			inputPaths = (
			);
			name = "[CP] Embed Pods Frameworks";
			outputPaths = (
			);
			runOnlyForDeploymentPostprocessing = 0;
			shellPath = /bin/sh;
			shellScript = "\"${SRCROOT}/Pods/Target Support Files/Pods-iOSChatSystemClientTests/Pods-iOSChatSystemClientTests-frameworks.sh\"\n";
			showEnvVarsInLog = 0;
		};
		EBC399DDB03EBA441EF8FA36 /* [CP] Copy Pods Resources */ = {
			isa = PBXShellScriptBuildPhase;
			buildActionMask = 2147483647;
			files = (
			);
			inputPaths = (
			);
			name = "[CP] Copy Pods Resources";
			outputPaths = (
			);
			runOnlyForDeploymentPostprocessing = 0;
			shellPath = /bin/sh;
			shellScript = "\"${SRCROOT}/Pods/Target Support Files/Pods-iOSChatSystemClientUITests/Pods-iOSChatSystemClientUITests-resources.sh\"\n";
			showEnvVarsInLog = 0;
		};
		F71A4A215538158577505EE8 /* [CP] Copy Pods Resources */ = {
			isa = PBXShellScriptBuildPhase;
			buildActionMask = 2147483647;
			files = (
			);
			inputPaths = (
			);
			name = "[CP] Copy Pods Resources";
			outputPaths = (
			);
			runOnlyForDeploymentPostprocessing = 0;
			shellPath = /bin/sh;
			shellScript = "\"${SRCROOT}/Pods/Target Support Files/Pods-iOSChatSystemClientTests/Pods-iOSChatSystemClientTests-resources.sh\"\n";
			showEnvVarsInLog = 0;
		};
		FECA5F8E4C599F574DE46910 /* [CP] Embed Pods Frameworks */ = {
			isa = PBXShellScriptBuildPhase;
			buildActionMask = 2147483647;
			files = (
			);
			inputPaths = (
				"${SRCROOT}/Pods/Target Support Files/Pods-iOSChatSystemClient/Pods-iOSChatSystemClient-frameworks.sh",
				"${BUILT_PRODUCTS_DIR}/Alamofire/Alamofire.framework",
				"${BUILT_PRODUCTS_DIR}/Chatto/Chatto.framework",
				"${BUILT_PRODUCTS_DIR}/DTAlertViewContainer/DTAlertViewContainer.framework",
				"${BUILT_PRODUCTS_DIR}/DateToolsSwift/DateToolsSwift.framework",
				"${BUILT_PRODUCTS_DIR}/GCDWebServer/GCDWebServer.framework",
				"${BUILT_PRODUCTS_DIR}/ObjectMapper/ObjectMapper.framework",
				"${BUILT_PRODUCTS_DIR}/Realm/Realm.framework",
				"${BUILT_PRODUCTS_DIR}/RealmSwift/RealmSwift.framework",
				"${BUILT_PRODUCTS_DIR}/RxCocoa/RxCocoa.framework",
				"${BUILT_PRODUCTS_DIR}/RxSwift/RxSwift.framework",
				"${BUILT_PRODUCTS_DIR}/SwiftyJSON/SwiftyJSON.framework",
			);
			name = "[CP] Embed Pods Frameworks";
			outputPaths = (
				"${TARGET_BUILD_DIR}/${FRAMEWORKS_FOLDER_PATH}/Alamofire.framework",
				"${TARGET_BUILD_DIR}/${FRAMEWORKS_FOLDER_PATH}/Chatto.framework",
				"${TARGET_BUILD_DIR}/${FRAMEWORKS_FOLDER_PATH}/DTAlertViewContainer.framework",
				"${TARGET_BUILD_DIR}/${FRAMEWORKS_FOLDER_PATH}/DateToolsSwift.framework",
				"${TARGET_BUILD_DIR}/${FRAMEWORKS_FOLDER_PATH}/GCDWebServer.framework",
				"${TARGET_BUILD_DIR}/${FRAMEWORKS_FOLDER_PATH}/ObjectMapper.framework",
				"${TARGET_BUILD_DIR}/${FRAMEWORKS_FOLDER_PATH}/Realm.framework",
				"${TARGET_BUILD_DIR}/${FRAMEWORKS_FOLDER_PATH}/RealmSwift.framework",
				"${TARGET_BUILD_DIR}/${FRAMEWORKS_FOLDER_PATH}/RxCocoa.framework",
				"${TARGET_BUILD_DIR}/${FRAMEWORKS_FOLDER_PATH}/RxSwift.framework",
				"${TARGET_BUILD_DIR}/${FRAMEWORKS_FOLDER_PATH}/SwiftyJSON.framework",
			);
			runOnlyForDeploymentPostprocessing = 0;
			shellPath = /bin/sh;
			shellScript = "\"${SRCROOT}/Pods/Target Support Files/Pods-iOSChatSystemClient/Pods-iOSChatSystemClient-frameworks.sh\"\n";
			showEnvVarsInLog = 0;
		};
/* End PBXShellScriptBuildPhase section */

/* Begin PBXSourcesBuildPhase section */
		28AD4CFA204AE49200EA0827 /* Sources */ = {
			isa = PBXSourcesBuildPhase;
			buildActionMask = 2147483647;
			files = (
				287F10E0204AF830007044A3 /* LocalServer.swift in Sources */,
				2880EA6F2052A17C0033FF8C /* RoomsVC.swift in Sources */,
				28AD4D33204AE78B00EA0827 /* ProfileVC.swift in Sources */,
				2880EA5E205265660033FF8C /* Room.swift in Sources */,
				287F11A0204B08F7007044A3 /* ServerManagerInteractor.swift in Sources */,
				2880EA5C205265660033FF8C /* Message.swift in Sources */,
				2880EA4720525DB20033FF8C /* ServerInteractor.swift in Sources */,
				28AD4D38204AE93E00EA0827 /* UsersListVM.swift in Sources */,
				2880EA742052A64D0033FF8C /* RoomTVCell.swift in Sources */,
				28AD4D04204AE49200EA0827 /* ViewController.swift in Sources */,
				287F11A4204B0BC8007044A3 /* CommonEnums.swift in Sources */,
				28AD4D31204AE75000EA0827 /* UsersListVC.swift in Sources */,
				28BFE4FA2053AE6400ED7073 /* SocketRequestContainer.swift in Sources */,
				287F119E204B077F007044A3 /* InputServerManagerIPVM.swift in Sources */,
				28AD4D3B204AE99600EA0827 /* SettingsVM.swift in Sources */,
				287F119C204AFF1C007044A3 /* InputServerManagerIPAlertView.swift in Sources */,
				2880EA762052A8B50033FF8C /* UsersManager.swift in Sources */,
				2880EA722052A21B0033FF8C /* RoomsManager.swift in Sources */,
				287F10DF204AF830007044A3 /* RemoteServerInteractor.swift in Sources */,
				28BFE4FB2053AE6400ED7073 /* SocketManager.swift in Sources */,
				28AD4D35204AE7DB00EA0827 /* SettingsTVC.swift in Sources */,
				2880EA5D205265660033FF8C /* User.swift in Sources */,
				2849457A204C06F70012EAE1 /* UserDefaultsInteractor.swift in Sources */,
				28AD4D02204AE49200EA0827 /* AppDelegate.swift in Sources */,
				28AD4D40204AEC8200EA0827 /* LocalServerInteractor.swift in Sources */,
			);
			runOnlyForDeploymentPostprocessing = 0;
		};
		28AD4D0E204AE49200EA0827 /* Sources */ = {
			isa = PBXSourcesBuildPhase;
			buildActionMask = 2147483647;
			files = (
				28AD4D17204AE49200EA0827 /* iOSChatSystemClientTests.swift in Sources */,
			);
			runOnlyForDeploymentPostprocessing = 0;
		};
		28AD4D19204AE49200EA0827 /* Sources */ = {
			isa = PBXSourcesBuildPhase;
			buildActionMask = 2147483647;
			files = (
				28AD4D22204AE49200EA0827 /* iOSChatSystemClientUITests.swift in Sources */,
			);
			runOnlyForDeploymentPostprocessing = 0;
		};
/* End PBXSourcesBuildPhase section */

/* Begin PBXTargetDependency section */
		28AD4D14204AE49200EA0827 /* PBXTargetDependency */ = {
			isa = PBXTargetDependency;
			target = 28AD4CFD204AE49200EA0827 /* iOSChatSystemClient */;
			targetProxy = 28AD4D13204AE49200EA0827 /* PBXContainerItemProxy */;
		};
		28AD4D1F204AE49200EA0827 /* PBXTargetDependency */ = {
			isa = PBXTargetDependency;
			target = 28AD4CFD204AE49200EA0827 /* iOSChatSystemClient */;
			targetProxy = 28AD4D1E204AE49200EA0827 /* PBXContainerItemProxy */;
		};
/* End PBXTargetDependency section */

/* Begin PBXVariantGroup section */
		28AD4D05204AE49200EA0827 /* Main.storyboard */ = {
			isa = PBXVariantGroup;
			children = (
				28AD4D06204AE49200EA0827 /* Base */,
			);
			name = Main.storyboard;
			sourceTree = "<group>";
		};
		28AD4D0A204AE49200EA0827 /* LaunchScreen.storyboard */ = {
			isa = PBXVariantGroup;
			children = (
				28AD4D0B204AE49200EA0827 /* Base */,
			);
			name = LaunchScreen.storyboard;
			sourceTree = "<group>";
		};
/* End PBXVariantGroup section */

/* Begin XCBuildConfiguration section */
		28AD4D24204AE49200EA0827 /* Debug */ = {
			isa = XCBuildConfiguration;
			buildSettings = {
				ALWAYS_SEARCH_USER_PATHS = NO;
				CLANG_ANALYZER_NONNULL = YES;
				CLANG_ANALYZER_NUMBER_OBJECT_CONVERSION = YES_AGGRESSIVE;
				CLANG_CXX_LANGUAGE_STANDARD = "gnu++14";
				CLANG_CXX_LIBRARY = "libc++";
				CLANG_ENABLE_MODULES = YES;
				CLANG_ENABLE_OBJC_ARC = YES;
				CLANG_WARN_BLOCK_CAPTURE_AUTORELEASING = YES;
				CLANG_WARN_BOOL_CONVERSION = YES;
				CLANG_WARN_COMMA = YES;
				CLANG_WARN_CONSTANT_CONVERSION = YES;
				CLANG_WARN_DIRECT_OBJC_ISA_USAGE = YES_ERROR;
				CLANG_WARN_DOCUMENTATION_COMMENTS = YES;
				CLANG_WARN_EMPTY_BODY = YES;
				CLANG_WARN_ENUM_CONVERSION = YES;
				CLANG_WARN_INFINITE_RECURSION = YES;
				CLANG_WARN_INT_CONVERSION = YES;
				CLANG_WARN_NON_LITERAL_NULL_CONVERSION = YES;
				CLANG_WARN_OBJC_LITERAL_CONVERSION = YES;
				CLANG_WARN_OBJC_ROOT_CLASS = YES_ERROR;
				CLANG_WARN_RANGE_LOOP_ANALYSIS = YES;
				CLANG_WARN_STRICT_PROTOTYPES = YES;
				CLANG_WARN_SUSPICIOUS_MOVE = YES;
				CLANG_WARN_UNGUARDED_AVAILABILITY = YES_AGGRESSIVE;
				CLANG_WARN_UNREACHABLE_CODE = YES;
				CLANG_WARN__DUPLICATE_METHOD_MATCH = YES;
				CODE_SIGN_IDENTITY = "iPhone Developer";
				COPY_PHASE_STRIP = NO;
				DEBUG_INFORMATION_FORMAT = dwarf;
				ENABLE_STRICT_OBJC_MSGSEND = YES;
				ENABLE_TESTABILITY = YES;
				GCC_C_LANGUAGE_STANDARD = gnu11;
				GCC_DYNAMIC_NO_PIC = NO;
				GCC_NO_COMMON_BLOCKS = YES;
				GCC_OPTIMIZATION_LEVEL = 0;
				GCC_PREPROCESSOR_DEFINITIONS = (
					"DEBUG=1",
					"$(inherited)",
				);
				GCC_WARN_64_TO_32_BIT_CONVERSION = YES;
				GCC_WARN_ABOUT_RETURN_TYPE = YES_ERROR;
				GCC_WARN_UNDECLARED_SELECTOR = YES;
				GCC_WARN_UNINITIALIZED_AUTOS = YES_AGGRESSIVE;
				GCC_WARN_UNUSED_FUNCTION = YES;
				GCC_WARN_UNUSED_VARIABLE = YES;
				IPHONEOS_DEPLOYMENT_TARGET = 11.2;
				MTL_ENABLE_DEBUG_INFO = YES;
				ONLY_ACTIVE_ARCH = YES;
				SDKROOT = iphoneos;
				SWIFT_ACTIVE_COMPILATION_CONDITIONS = DEBUG;
				SWIFT_OPTIMIZATION_LEVEL = "-Onone";
			};
			name = Debug;
		};
		28AD4D25204AE49200EA0827 /* Release */ = {
			isa = XCBuildConfiguration;
			buildSettings = {
				ALWAYS_SEARCH_USER_PATHS = NO;
				CLANG_ANALYZER_NONNULL = YES;
				CLANG_ANALYZER_NUMBER_OBJECT_CONVERSION = YES_AGGRESSIVE;
				CLANG_CXX_LANGUAGE_STANDARD = "gnu++14";
				CLANG_CXX_LIBRARY = "libc++";
				CLANG_ENABLE_MODULES = YES;
				CLANG_ENABLE_OBJC_ARC = YES;
				CLANG_WARN_BLOCK_CAPTURE_AUTORELEASING = YES;
				CLANG_WARN_BOOL_CONVERSION = YES;
				CLANG_WARN_COMMA = YES;
				CLANG_WARN_CONSTANT_CONVERSION = YES;
				CLANG_WARN_DIRECT_OBJC_ISA_USAGE = YES_ERROR;
				CLANG_WARN_DOCUMENTATION_COMMENTS = YES;
				CLANG_WARN_EMPTY_BODY = YES;
				CLANG_WARN_ENUM_CONVERSION = YES;
				CLANG_WARN_INFINITE_RECURSION = YES;
				CLANG_WARN_INT_CONVERSION = YES;
				CLANG_WARN_NON_LITERAL_NULL_CONVERSION = YES;
				CLANG_WARN_OBJC_LITERAL_CONVERSION = YES;
				CLANG_WARN_OBJC_ROOT_CLASS = YES_ERROR;
				CLANG_WARN_RANGE_LOOP_ANALYSIS = YES;
				CLANG_WARN_STRICT_PROTOTYPES = YES;
				CLANG_WARN_SUSPICIOUS_MOVE = YES;
				CLANG_WARN_UNGUARDED_AVAILABILITY = YES_AGGRESSIVE;
				CLANG_WARN_UNREACHABLE_CODE = YES;
				CLANG_WARN__DUPLICATE_METHOD_MATCH = YES;
				CODE_SIGN_IDENTITY = "iPhone Developer";
				COPY_PHASE_STRIP = NO;
				DEBUG_INFORMATION_FORMAT = "dwarf-with-dsym";
				ENABLE_NS_ASSERTIONS = NO;
				ENABLE_STRICT_OBJC_MSGSEND = YES;
				GCC_C_LANGUAGE_STANDARD = gnu11;
				GCC_NO_COMMON_BLOCKS = YES;
				GCC_WARN_64_TO_32_BIT_CONVERSION = YES;
				GCC_WARN_ABOUT_RETURN_TYPE = YES_ERROR;
				GCC_WARN_UNDECLARED_SELECTOR = YES;
				GCC_WARN_UNINITIALIZED_AUTOS = YES_AGGRESSIVE;
				GCC_WARN_UNUSED_FUNCTION = YES;
				GCC_WARN_UNUSED_VARIABLE = YES;
				IPHONEOS_DEPLOYMENT_TARGET = 11.2;
				MTL_ENABLE_DEBUG_INFO = NO;
				SDKROOT = iphoneos;
				SWIFT_OPTIMIZATION_LEVEL = "-Owholemodule";
				VALIDATE_PRODUCT = YES;
			};
			name = Release;
		};
		28AD4D27204AE49200EA0827 /* Debug */ = {
			isa = XCBuildConfiguration;
			baseConfigurationReference = CAE6D87F1877F77379A5594F /* Pods-iOSChatSystemClient.debug.xcconfig */;
			buildSettings = {
				ASSETCATALOG_COMPILER_APPICON_NAME = AppIcon;
				CODE_SIGN_STYLE = Automatic;
				DEVELOPMENT_TEAM = CW4GWQZXWG;
				INFOPLIST_FILE = iOSChatSystemClient/Info.plist;
				LD_RUNPATH_SEARCH_PATHS = "$(inherited) @executable_path/Frameworks";
				PRODUCT_BUNDLE_IDENTIFIER = DT.iOSChatSystemClient;
				PRODUCT_NAME = "$(TARGET_NAME)";
				SWIFT_VERSION = 4.0;
				TARGETED_DEVICE_FAMILY = "1,2";
			};
			name = Debug;
		};
		28AD4D28204AE49200EA0827 /* Release */ = {
			isa = XCBuildConfiguration;
			baseConfigurationReference = 8691AB2EABE4AD612F65864C /* Pods-iOSChatSystemClient.release.xcconfig */;
			buildSettings = {
				ASSETCATALOG_COMPILER_APPICON_NAME = AppIcon;
				CODE_SIGN_STYLE = Automatic;
				DEVELOPMENT_TEAM = CW4GWQZXWG;
				INFOPLIST_FILE = iOSChatSystemClient/Info.plist;
				LD_RUNPATH_SEARCH_PATHS = "$(inherited) @executable_path/Frameworks";
				PRODUCT_BUNDLE_IDENTIFIER = DT.iOSChatSystemClient;
				PRODUCT_NAME = "$(TARGET_NAME)";
				SWIFT_VERSION = 4.0;
				TARGETED_DEVICE_FAMILY = "1,2";
			};
			name = Release;
		};
		28AD4D2A204AE49200EA0827 /* Debug */ = {
			isa = XCBuildConfiguration;
			baseConfigurationReference = 01A1FB499298EDD77838BFBD /* Pods-iOSChatSystemClientTests.debug.xcconfig */;
			buildSettings = {
				ALWAYS_EMBED_SWIFT_STANDARD_LIBRARIES = YES;
				BUNDLE_LOADER = "$(TEST_HOST)";
				CODE_SIGN_STYLE = Automatic;
				DEVELOPMENT_TEAM = CW4GWQZXWG;
				INFOPLIST_FILE = iOSChatSystemClientTests/Info.plist;
				LD_RUNPATH_SEARCH_PATHS = "$(inherited) @executable_path/Frameworks @loader_path/Frameworks";
				PRODUCT_BUNDLE_IDENTIFIER = DT.iOSChatSystemClientTests;
				PRODUCT_NAME = "$(TARGET_NAME)";
				SWIFT_VERSION = 4.0;
				TARGETED_DEVICE_FAMILY = "1,2";
				TEST_HOST = "$(BUILT_PRODUCTS_DIR)/iOSChatSystemClient.app/iOSChatSystemClient";
			};
			name = Debug;
		};
		28AD4D2B204AE49200EA0827 /* Release */ = {
			isa = XCBuildConfiguration;
			baseConfigurationReference = BBB0A7167F180FF98F7B40BB /* Pods-iOSChatSystemClientTests.release.xcconfig */;
			buildSettings = {
				ALWAYS_EMBED_SWIFT_STANDARD_LIBRARIES = YES;
				BUNDLE_LOADER = "$(TEST_HOST)";
				CODE_SIGN_STYLE = Automatic;
				DEVELOPMENT_TEAM = CW4GWQZXWG;
				INFOPLIST_FILE = iOSChatSystemClientTests/Info.plist;
				LD_RUNPATH_SEARCH_PATHS = "$(inherited) @executable_path/Frameworks @loader_path/Frameworks";
				PRODUCT_BUNDLE_IDENTIFIER = DT.iOSChatSystemClientTests;
				PRODUCT_NAME = "$(TARGET_NAME)";
				SWIFT_VERSION = 4.0;
				TARGETED_DEVICE_FAMILY = "1,2";
				TEST_HOST = "$(BUILT_PRODUCTS_DIR)/iOSChatSystemClient.app/iOSChatSystemClient";
			};
			name = Release;
		};
		28AD4D2D204AE49200EA0827 /* Debug */ = {
			isa = XCBuildConfiguration;
			baseConfigurationReference = 4450026BB76CAC3E52EEAA66 /* Pods-iOSChatSystemClientUITests.debug.xcconfig */;
			buildSettings = {
				ALWAYS_EMBED_SWIFT_STANDARD_LIBRARIES = YES;
				CODE_SIGN_STYLE = Automatic;
				DEVELOPMENT_TEAM = CW4GWQZXWG;
				INFOPLIST_FILE = iOSChatSystemClientUITests/Info.plist;
				LD_RUNPATH_SEARCH_PATHS = "$(inherited) @executable_path/Frameworks @loader_path/Frameworks";
				PRODUCT_BUNDLE_IDENTIFIER = DT.iOSChatSystemClientUITests;
				PRODUCT_NAME = "$(TARGET_NAME)";
				SWIFT_VERSION = 4.0;
				TARGETED_DEVICE_FAMILY = "1,2";
				TEST_TARGET_NAME = iOSChatSystemClient;
			};
			name = Debug;
		};
		28AD4D2E204AE49200EA0827 /* Release */ = {
			isa = XCBuildConfiguration;
			baseConfigurationReference = 0AF5BAB06EBE36B38DF14E64 /* Pods-iOSChatSystemClientUITests.release.xcconfig */;
			buildSettings = {
				ALWAYS_EMBED_SWIFT_STANDARD_LIBRARIES = YES;
				CODE_SIGN_STYLE = Automatic;
				DEVELOPMENT_TEAM = CW4GWQZXWG;
				INFOPLIST_FILE = iOSChatSystemClientUITests/Info.plist;
				LD_RUNPATH_SEARCH_PATHS = "$(inherited) @executable_path/Frameworks @loader_path/Frameworks";
				PRODUCT_BUNDLE_IDENTIFIER = DT.iOSChatSystemClientUITests;
				PRODUCT_NAME = "$(TARGET_NAME)";
				SWIFT_VERSION = 4.0;
				TARGETED_DEVICE_FAMILY = "1,2";
				TEST_TARGET_NAME = iOSChatSystemClient;
			};
			name = Release;
		};
/* End XCBuildConfiguration section */

/* Begin XCConfigurationList section */
		28AD4CF9204AE49200EA0827 /* Build configuration list for PBXProject "iOSChatSystemClient" */ = {
			isa = XCConfigurationList;
			buildConfigurations = (
				28AD4D24204AE49200EA0827 /* Debug */,
				28AD4D25204AE49200EA0827 /* Release */,
			);
			defaultConfigurationIsVisible = 0;
			defaultConfigurationName = Release;
		};
		28AD4D26204AE49200EA0827 /* Build configuration list for PBXNativeTarget "iOSChatSystemClient" */ = {
			isa = XCConfigurationList;
			buildConfigurations = (
				28AD4D27204AE49200EA0827 /* Debug */,
				28AD4D28204AE49200EA0827 /* Release */,
			);
			defaultConfigurationIsVisible = 0;
			defaultConfigurationName = Release;
		};
		28AD4D29204AE49200EA0827 /* Build configuration list for PBXNativeTarget "iOSChatSystemClientTests" */ = {
			isa = XCConfigurationList;
			buildConfigurations = (
				28AD4D2A204AE49200EA0827 /* Debug */,
				28AD4D2B204AE49200EA0827 /* Release */,
			);
			defaultConfigurationIsVisible = 0;
			defaultConfigurationName = Release;
		};
		28AD4D2C204AE49200EA0827 /* Build configuration list for PBXNativeTarget "iOSChatSystemClientUITests" */ = {
			isa = XCConfigurationList;
			buildConfigurations = (
				28AD4D2D204AE49200EA0827 /* Debug */,
				28AD4D2E204AE49200EA0827 /* Release */,
			);
			defaultConfigurationIsVisible = 0;
			defaultConfigurationName = Release;
		};
/* End XCConfigurationList section */
	};
	rootObject = 28AD4CF6204AE49200EA0827 /* Project object */;
}
